
Microsoft Visual Studio Solution File, Format Version 12.00
# Visual Studio Version 17
VisualStudioVersion = 17.3.32929.385
MinimumVisualStudioVersion = 10.0.40219.1
Project("{FAE04EC0-301F-11D3-BF4B-00C04F79EFBC}") = "Campus-Subject.API", "Campus-Subject.API\Campus-Subject.API.csproj", "{20194BC1-5A17-4A59-A1AD-E40C0BC8A879}"
EndProject
Global
	GlobalSection(SolutionConfigurationPlatforms) = preSolution
		Debug|Any CPU = Debug|Any CPU
		Release|Any CPU = Release|Any CPU
	EndGlobalSection
	GlobalSection(ProjectConfigurationPlatforms) = postSolution
		{20194BC1-5A17-4A59-A1AD-E40C0BC8A879}.Debug|Any CPU.ActiveCfg = Debug|Any CPU
		{20194BC1-5A17-4A59-A1AD-E40C0BC8A879}.Debug|Any CPU.Build.0 = Debug|Any CPU
		{20194BC1-5A17-4A59-A1AD-E40C0BC8A879}.Release|Any CPU.ActiveCfg = Release|Any CPU
		{20194BC1-5A17-4A59-A1AD-E40C0BC8A879}.Release|Any CPU.Build.0 = Release|Any CPU
	EndGlobalSection
	GlobalSection(SolutionProperties) = preSolution
		HideSolutionNode = FALSE
	EndGlobalSection
	GlobalSection(ExtensibilityGlobals) = postSolution
		SolutionGuid = {E75C40CD-EFF3-48A5-9A60-1219D30C70C7}
	EndGlobalSection
EndGlobal
