
Microsoft Visual Studio Solution File, Format Version 12.00
# Visual Studio Version 17
VisualStudioVersion = 17.3.32929.385
MinimumVisualStudioVersion = 10.0.40219.1
Project("{9A19103F-16F7-4668-BE54-9A1E7A4F7556}") = "Campus.API", "Campus.API\Campus.API.csproj", "{20194BC1-5A17-4A59-A1AD-E40C0BC8A879}"
EndProject
Project("{9A19103F-16F7-4668-BE54-9A1E7A4F7556}") = "Campus.Domain", "Campus.Domain\Campus.Domain.csproj", "{A2B5C162-0BBE-4253-9956-85EC88712BA4}"
EndProject
Project("{FAE04EC0-301F-11D3-BF4B-00C04F79EFBC}") = "Campus.DataContext", "Campus.DataContext\Campus.DataContext.csproj", "{7A909704-6FE9-4F34-8CFB-5C66E976AED3}"
EndProject
Project("{FAE04EC0-301F-11D3-BF4B-00C04F79EFBC}") = "Campus.Core", "Campus.Core\Campus.Core.csproj", "{E60E52EF-C70D-48A5-AA8F-9A061EB783A6}"
EndProject
Project("{FAE04EC0-301F-11D3-BF4B-00C04F79EFBC}") = "Campus.Application", "Campus.Application\Campus.Application.csproj", "{8724979E-2C04-47FC-9E23-6A57F442B770}"
EndProject
Global
	GlobalSection(SolutionConfigurationPlatforms) = preSolution
		Debug|Any CPU = Debug|Any CPU
		Release|Any CPU = Release|Any CPU
	EndGlobalSection
	GlobalSection(ProjectConfigurationPlatforms) = postSolution
		{20194BC1-5A17-4A59-A1AD-E40C0BC8A879}.Debug|Any CPU.ActiveCfg = Debug|Any CPU
		{20194BC1-5A17-4A59-A1AD-E40C0BC8A879}.Debug|Any CPU.Build.0 = Debug|Any CPU
		{20194BC1-5A17-4A59-A1AD-E40C0BC8A879}.Release|Any CPU.ActiveCfg = Release|Any CPU
		{20194BC1-5A17-4A59-A1AD-E40C0BC8A879}.Release|Any CPU.Build.0 = Release|Any CPU
		{A2B5C162-0BBE-4253-9956-85EC88712BA4}.Debug|Any CPU.ActiveCfg = Debug|Any CPU
		{A2B5C162-0BBE-4253-9956-85EC88712BA4}.Debug|Any CPU.Build.0 = Debug|Any CPU
		{A2B5C162-0BBE-4253-9956-85EC88712BA4}.Release|Any CPU.ActiveCfg = Release|Any CPU
		{A2B5C162-0BBE-4253-9956-85EC88712BA4}.Release|Any CPU.Build.0 = Release|Any CPU
		{7A909704-6FE9-4F34-8CFB-5C66E976AED3}.Debug|Any CPU.ActiveCfg = Debug|Any CPU
		{7A909704-6FE9-4F34-8CFB-5C66E976AED3}.Debug|Any CPU.Build.0 = Debug|Any CPU
		{7A909704-6FE9-4F34-8CFB-5C66E976AED3}.Release|Any CPU.ActiveCfg = Release|Any CPU
		{7A909704-6FE9-4F34-8CFB-5C66E976AED3}.Release|Any CPU.Build.0 = Release|Any CPU
		{E60E52EF-C70D-48A5-AA8F-9A061EB783A6}.Debug|Any CPU.ActiveCfg = Debug|Any CPU
		{E60E52EF-C70D-48A5-AA8F-9A061EB783A6}.Debug|Any CPU.Build.0 = Debug|Any CPU
		{E60E52EF-C70D-48A5-AA8F-9A061EB783A6}.Release|Any CPU.ActiveCfg = Release|Any CPU
		{E60E52EF-C70D-48A5-AA8F-9A061EB783A6}.Release|Any CPU.Build.0 = Release|Any CPU
		{8724979E-2C04-47FC-9E23-6A57F442B770}.Debug|Any CPU.ActiveCfg = Debug|Any CPU
		{8724979E-2C04-47FC-9E23-6A57F442B770}.Debug|Any CPU.Build.0 = Debug|Any CPU
		{8724979E-2C04-47FC-9E23-6A57F442B770}.Release|Any CPU.ActiveCfg = Release|Any CPU
		{8724979E-2C04-47FC-9E23-6A57F442B770}.Release|Any CPU.Build.0 = Release|Any CPU
	EndGlobalSection
	GlobalSection(SolutionProperties) = preSolution
		HideSolutionNode = FALSE
	EndGlobalSection
	GlobalSection(ExtensibilityGlobals) = postSolution
		SolutionGuid = {E75C40CD-EFF3-48A5-9A60-1219D30C70C7}
	EndGlobalSection
EndGlobal
